// !$*UTF8*$!
{
	archiveVersion = 1;
	classes = {
	};
	objectVersion = 56;
	objects = {

/* Begin PBXBuildFile section */
		12474DE12C1AD634009F7134 /* AppDelegate.swift in Sources */ = {isa = PBXBuildFile; fileRef = 12474DE02C1AD634009F7134 /* AppDelegate.swift */; };
		12474DE32C1AD634009F7134 /* SceneDelegate.swift in Sources */ = {isa = PBXBuildFile; fileRef = 12474DE22C1AD634009F7134 /* SceneDelegate.swift */; };
		12474DEA2C1AD636009F7134 /* Assets.xcassets in Resources */ = {isa = PBXBuildFile; fileRef = 12474DE92C1AD636009F7134 /* Assets.xcassets */; };
		12474DED2C1AD636009F7134 /* Base in Resources */ = {isa = PBXBuildFile; fileRef = 12474DEC2C1AD636009F7134 /* Base */; };
		12E8C5662C2053A1001575FE /* MainTabBarController.swift in Sources */ = {isa = PBXBuildFile; fileRef = 12E8C5652C2053A1001575FE /* MainTabBarController.swift */; };
		12E8C56B2C20543D001575FE /* TranslateView.swift in Sources */ = {isa = PBXBuildFile; fileRef = 12E8C56A2C20543D001575FE /* TranslateView.swift */; };
		12E8C56D2C20544E001575FE /* HistoryView.swift in Sources */ = {isa = PBXBuildFile; fileRef = 12E8C56C2C20544E001575FE /* HistoryView.swift */; };
		12E8C56F2C20545F001575FE /* SettingsView.swift in Sources */ = {isa = PBXBuildFile; fileRef = 12E8C56E2C20545F001575FE /* SettingsView.swift */; };
		12E8C5782C20578C001575FE /* TranslatePresenter.swift in Sources */ = {isa = PBXBuildFile; fileRef = 12E8C5772C20578C001575FE /* TranslatePresenter.swift */; };
		12E8C57A2C2057A1001575FE /* TranslateInteractor.swift in Sources */ = {isa = PBXBuildFile; fileRef = 12E8C5792C2057A1001575FE /* TranslateInteractor.swift */; };
		12E8C57C2C2057A9001575FE /* TranslateRouter.swift in Sources */ = {isa = PBXBuildFile; fileRef = 12E8C57B2C2057A9001575FE /* TranslateRouter.swift */; };
		12E8C57E2C2057B1001575FE /* TranslateEntity.swift in Sources */ = {isa = PBXBuildFile; fileRef = 12E8C57D2C2057B1001575FE /* TranslateEntity.swift */; };
		12E8C5882C2059AC001575FE /* SettingsPresenter.swift in Sources */ = {isa = PBXBuildFile; fileRef = 12E8C5872C2059AC001575FE /* SettingsPresenter.swift */; };
		12E8C58A2C2059BE001575FE /* SettingsInteractor.swift in Sources */ = {isa = PBXBuildFile; fileRef = 12E8C5892C2059BE001575FE /* SettingsInteractor.swift */; };
		12E8C58C2C2059D6001575FE /* SettingsRouter.swift in Sources */ = {isa = PBXBuildFile; fileRef = 12E8C58B2C2059D6001575FE /* SettingsRouter.swift */; };
		12E8C58E2C2059DE001575FE /* SettingsEntity.swift in Sources */ = {isa = PBXBuildFile; fileRef = 12E8C58D2C2059DE001575FE /* SettingsEntity.swift */; };
		12E8C5902C2059ED001575FE /* HistoryEntity.swift in Sources */ = {isa = PBXBuildFile; fileRef = 12E8C58F2C2059ED001575FE /* HistoryEntity.swift */; };
		12E8C5922C2059F3001575FE /* HistoryRouter.swift in Sources */ = {isa = PBXBuildFile; fileRef = 12E8C5912C2059F3001575FE /* HistoryRouter.swift */; };
		12E8C5942C2059FC001575FE /* HistoryInteractor.swift in Sources */ = {isa = PBXBuildFile; fileRef = 12E8C5932C2059FC001575FE /* HistoryInteractor.swift */; };
		12E8C5962C205A03001575FE /* HistoryPresenter.swift in Sources */ = {isa = PBXBuildFile; fileRef = 12E8C5952C205A03001575FE /* HistoryPresenter.swift */; };
/* End PBXBuildFile section */

/* Begin PBXFileReference section */
		12474DDD2C1AD634009F7134 /* Dictionary.app */ = {isa = PBXFileReference; explicitFileType = wrapper.application; includeInIndex = 0; path = Dictionary.app; sourceTree = BUILT_PRODUCTS_DIR; };
		12474DE02C1AD634009F7134 /* AppDelegate.swift */ = {isa = PBXFileReference; lastKnownFileType = sourcecode.swift; path = AppDelegate.swift; sourceTree = "<group>"; };
		12474DE22C1AD634009F7134 /* SceneDelegate.swift */ = {isa = PBXFileReference; lastKnownFileType = sourcecode.swift; path = SceneDelegate.swift; sourceTree = "<group>"; };
		12474DE92C1AD636009F7134 /* Assets.xcassets */ = {isa = PBXFileReference; lastKnownFileType = folder.assetcatalog; path = Assets.xcassets; sourceTree = "<group>"; };
		12474DEC2C1AD636009F7134 /* Base */ = {isa = PBXFileReference; lastKnownFileType = file.storyboard; name = Base; path = Base.lproj/LaunchScreen.storyboard; sourceTree = "<group>"; };
		12474DEE2C1AD636009F7134 /* Info.plist */ = {isa = PBXFileReference; lastKnownFileType = text.plist.xml; path = Info.plist; sourceTree = "<group>"; };
		12E8C5652C2053A1001575FE /* MainTabBarController.swift */ = {isa = PBXFileReference; lastKnownFileType = sourcecode.swift; path = MainTabBarController.swift; sourceTree = "<group>"; };
		12E8C56A2C20543D001575FE /* TranslateView.swift */ = {isa = PBXFileReference; lastKnownFileType = sourcecode.swift; path = TranslateView.swift; sourceTree = "<group>"; };
		12E8C56C2C20544E001575FE /* HistoryView.swift */ = {isa = PBXFileReference; lastKnownFileType = sourcecode.swift; path = HistoryView.swift; sourceTree = "<group>"; };
		12E8C56E2C20545F001575FE /* SettingsView.swift */ = {isa = PBXFileReference; lastKnownFileType = sourcecode.swift; path = SettingsView.swift; sourceTree = "<group>"; };
		12E8C5772C20578C001575FE /* TranslatePresenter.swift */ = {isa = PBXFileReference; lastKnownFileType = sourcecode.swift; path = TranslatePresenter.swift; sourceTree = "<group>"; };
		12E8C5792C2057A1001575FE /* TranslateInteractor.swift */ = {isa = PBXFileReference; lastKnownFileType = sourcecode.swift; path = TranslateInteractor.swift; sourceTree = "<group>"; };
		12E8C57B2C2057A9001575FE /* TranslateRouter.swift */ = {isa = PBXFileReference; lastKnownFileType = sourcecode.swift; path = TranslateRouter.swift; sourceTree = "<group>"; };
		12E8C57D2C2057B1001575FE /* TranslateEntity.swift */ = {isa = PBXFileReference; lastKnownFileType = sourcecode.swift; path = TranslateEntity.swift; sourceTree = "<group>"; };
		12E8C5872C2059AC001575FE /* SettingsPresenter.swift */ = {isa = PBXFileReference; lastKnownFileType = sourcecode.swift; path = SettingsPresenter.swift; sourceTree = "<group>"; };
		12E8C5892C2059BE001575FE /* SettingsInteractor.swift */ = {isa = PBXFileReference; lastKnownFileType = sourcecode.swift; path = SettingsInteractor.swift; sourceTree = "<group>"; };
		12E8C58B2C2059D6001575FE /* SettingsRouter.swift */ = {isa = PBXFileReference; lastKnownFileType = sourcecode.swift; path = SettingsRouter.swift; sourceTree = "<group>"; };
		12E8C58D2C2059DE001575FE /* SettingsEntity.swift */ = {isa = PBXFileReference; lastKnownFileType = sourcecode.swift; path = SettingsEntity.swift; sourceTree = "<group>"; };
		12E8C58F2C2059ED001575FE /* HistoryEntity.swift */ = {isa = PBXFileReference; lastKnownFileType = sourcecode.swift; path = HistoryEntity.swift; sourceTree = "<group>"; };
		12E8C5912C2059F3001575FE /* HistoryRouter.swift */ = {isa = PBXFileReference; lastKnownFileType = sourcecode.swift; path = HistoryRouter.swift; sourceTree = "<group>"; };
		12E8C5932C2059FC001575FE /* HistoryInteractor.swift */ = {isa = PBXFileReference; lastKnownFileType = sourcecode.swift; path = HistoryInteractor.swift; sourceTree = "<group>"; };
		12E8C5952C205A03001575FE /* HistoryPresenter.swift */ = {isa = PBXFileReference; lastKnownFileType = sourcecode.swift; path = HistoryPresenter.swift; sourceTree = "<group>"; };
/* End PBXFileReference section */

/* Begin PBXFrameworksBuildPhase section */
		12474DDA2C1AD634009F7134 /* Frameworks */ = {
			isa = PBXFrameworksBuildPhase;
			buildActionMask = 2147483647;
			files = (
			);
			runOnlyForDeploymentPostprocessing = 0;
		};
/* End PBXFrameworksBuildPhase section */

/* Begin PBXGroup section */
		12474DD42C1AD634009F7134 = {
			isa = PBXGroup;
			children = (
				12474DDF2C1AD634009F7134 /* Dictionary */,
				12474DDE2C1AD634009F7134 /* Products */,
			);
			sourceTree = "<group>";
		};
		12474DDE2C1AD634009F7134 /* Products */ = {
			isa = PBXGroup;
			children = (
				12474DDD2C1AD634009F7134 /* Dictionary.app */,
			);
			name = Products;
			sourceTree = "<group>";
		};
		12474DDF2C1AD634009F7134 /* Dictionary */ = {
			isa = PBXGroup;
			children = (
				12474DF52C1AD9A8009F7134 /* Application */,
				12E8C5692C205424001575FE /* SettingsModule */,
				12E8C5682C205417001575FE /* HistoryModule */,
				12E8C5672C205402001575FE /* TranslateModule */,
				12E8C5652C2053A1001575FE /* MainTabBarController.swift */,
				12474DF42C1AD955009F7134 /* Resources */,
			);
			path = Dictionary;
			sourceTree = "<group>";
		};
		12474DF42C1AD955009F7134 /* Resources */ = {
			isa = PBXGroup;
			children = (
				12474DE92C1AD636009F7134 /* Assets.xcassets */,
				12474DEB2C1AD636009F7134 /* LaunchScreen.storyboard */,
				12474DEE2C1AD636009F7134 /* Info.plist */,
			);
			path = Resources;
			sourceTree = "<group>";
		};
		12474DF52C1AD9A8009F7134 /* Application */ = {
			isa = PBXGroup;
			children = (
				12474DE02C1AD634009F7134 /* AppDelegate.swift */,
				12474DE22C1AD634009F7134 /* SceneDelegate.swift */,
			);
			path = Application;
			sourceTree = "<group>";
		};
		12E8C5672C205402001575FE /* TranslateModule */ = {
			isa = PBXGroup;
			children = (
				12E8C5762C205746001575FE /* Entity */,
				12E8C5752C20573C001575FE /* Router */,
				12E8C5742C205731001575FE /* Interactor */,
				12E8C5732C205724001575FE /* Presenter */,
				12E8C5702C20546C001575FE /* View */,
			);
			path = TranslateModule;
			sourceTree = "<group>";
		};
		12E8C5682C205417001575FE /* HistoryModule */ = {
			isa = PBXGroup;
			children = (
				12E8C5822C205969001575FE /* Entity */,
				12E8C5812C205962001575FE /* Router */,
				12E8C5802C205959001575FE /* Interactor */,
				12E8C57F2C20594D001575FE /* Presenter */,
				12E8C5722C205480001575FE /* View */,
			);
			path = HistoryModule;
			sourceTree = "<group>";
		};
		12E8C5692C205424001575FE /* SettingsModule */ = {
			isa = PBXGroup;
			children = (
				12E8C5862C205995001575FE /* Entity */,
				12E8C5852C20598F001575FE /* Router */,
				12E8C5842C205977001575FE /* Interactort */,
				12E8C5832C205971001575FE /* Presenter */,
				12E8C5712C205478001575FE /* View */,
			);
			path = SettingsModule;
			sourceTree = "<group>";
		};
		12E8C5702C20546C001575FE /* View */ = {
			isa = PBXGroup;
			children = (
				12E8C56A2C20543D001575FE /* TranslateView.swift */,
			);
			path = View;
			sourceTree = "<group>";
		};
		12E8C5712C205478001575FE /* View */ = {
			isa = PBXGroup;
			children = (
				12E8C56E2C20545F001575FE /* SettingsView.swift */,
			);
			path = View;
			sourceTree = "<group>";
		};
		12E8C5722C205480001575FE /* View */ = {
			isa = PBXGroup;
			children = (
				12E8C56C2C20544E001575FE /* HistoryView.swift */,
			);
			path = View;
			sourceTree = "<group>";
		};
		12E8C5732C205724001575FE /* Presenter */ = {
			isa = PBXGroup;
			children = (
				12E8C5772C20578C001575FE /* TranslatePresenter.swift */,
			);
			path = Presenter;
			sourceTree = "<group>";
		};
		12E8C5742C205731001575FE /* Interactor */ = {
			isa = PBXGroup;
			children = (
				12E8C5792C2057A1001575FE /* TranslateInteractor.swift */,
			);
			path = Interactor;
			sourceTree = "<group>";
		};
		12E8C5752C20573C001575FE /* Router */ = {
			isa = PBXGroup;
			children = (
				12E8C57B2C2057A9001575FE /* TranslateRouter.swift */,
			);
			path = Router;
			sourceTree = "<group>";
		};
		12E8C5762C205746001575FE /* Entity */ = {
			isa = PBXGroup;
			children = (
				12E8C57D2C2057B1001575FE /* TranslateEntity.swift */,
			);
			path = Entity;
			sourceTree = "<group>";
		};
		12E8C57F2C20594D001575FE /* Presenter */ = {
			isa = PBXGroup;
			children = (
				12E8C5952C205A03001575FE /* HistoryPresenter.swift */,
			);
			path = Presenter;
			sourceTree = "<group>";
		};
		12E8C5802C205959001575FE /* Interactor */ = {
			isa = PBXGroup;
			children = (
				12E8C5932C2059FC001575FE /* HistoryInteractor.swift */,
			);
			path = Interactor;
			sourceTree = "<group>";
		};
		12E8C5812C205962001575FE /* Router */ = {
			isa = PBXGroup;
			children = (
				12E8C5912C2059F3001575FE /* HistoryRouter.swift */,
			);
			path = Router;
			sourceTree = "<group>";
		};
		12E8C5822C205969001575FE /* Entity */ = {
			isa = PBXGroup;
			children = (
				12E8C58F2C2059ED001575FE /* HistoryEntity.swift */,
			);
			path = Entity;
			sourceTree = "<group>";
		};
		12E8C5832C205971001575FE /* Presenter */ = {
			isa = PBXGroup;
			children = (
				12E8C5872C2059AC001575FE /* SettingsPresenter.swift */,
			);
			path = Presenter;
			sourceTree = "<group>";
		};
		12E8C5842C205977001575FE /* Interactort */ = {
			isa = PBXGroup;
			children = (
				12E8C5892C2059BE001575FE /* SettingsInteractor.swift */,
			);
			name = Interactort;
			sourceTree = "<group>";
		};
		12E8C5852C20598F001575FE /* Router */ = {
			isa = PBXGroup;
			children = (
				12E8C58B2C2059D6001575FE /* SettingsRouter.swift */,
			);
			path = Router;
			sourceTree = "<group>";
		};
		12E8C5862C205995001575FE /* Entity */ = {
			isa = PBXGroup;
			children = (
				12E8C58D2C2059DE001575FE /* SettingsEntity.swift */,
			);
			path = Entity;
			sourceTree = "<group>";
		};
/* End PBXGroup section */

/* Begin PBXNativeTarget section */
		12474DDC2C1AD634009F7134 /* Dictionary */ = {
			isa = PBXNativeTarget;
			buildConfigurationList = 12474DF12C1AD636009F7134 /* Build configuration list for PBXNativeTarget "Dictionary" */;
			buildPhases = (
				12474DD92C1AD634009F7134 /* Sources */,
				12474DDA2C1AD634009F7134 /* Frameworks */,
				12474DDB2C1AD634009F7134 /* Resources */,
			);
			buildRules = (
			);
			dependencies = (
			);
			name = Dictionary;
			productName = Dictionary;
			productReference = 12474DDD2C1AD634009F7134 /* Dictionary.app */;
			productType = "com.apple.product-type.application";
		};
/* End PBXNativeTarget section */

/* Begin PBXProject section */
		12474DD52C1AD634009F7134 /* Project object */ = {
			isa = PBXProject;
			attributes = {
				BuildIndependentTargetsInParallel = 1;
				LastSwiftUpdateCheck = 1530;
				LastUpgradeCheck = 1530;
				TargetAttributes = {
					12474DDC2C1AD634009F7134 = {
						CreatedOnToolsVersion = 15.3;
					};
				};
			};
			buildConfigurationList = 12474DD82C1AD634009F7134 /* Build configuration list for PBXProject "Dictionary" */;
			compatibilityVersion = "Xcode 14.0";
			developmentRegion = en;
			hasScannedForEncodings = 0;
			knownRegions = (
				en,
				Base,
			);
			mainGroup = 12474DD42C1AD634009F7134;
			productRefGroup = 12474DDE2C1AD634009F7134 /* Products */;
			projectDirPath = "";
			projectRoot = "";
			targets = (
				12474DDC2C1AD634009F7134 /* Dictionary */,
			);
		};
/* End PBXProject section */

/* Begin PBXResourcesBuildPhase section */
		12474DDB2C1AD634009F7134 /* Resources */ = {
			isa = PBXResourcesBuildPhase;
			buildActionMask = 2147483647;
			files = (
				12474DEA2C1AD636009F7134 /* Assets.xcassets in Resources */,
				12474DED2C1AD636009F7134 /* Base in Resources */,
			);
			runOnlyForDeploymentPostprocessing = 0;
		};
/* End PBXResourcesBuildPhase section */

/* Begin PBXSourcesBuildPhase section */
		12474DD92C1AD634009F7134 /* Sources */ = {
			isa = PBXSourcesBuildPhase;
			buildActionMask = 2147483647;
			files = (
				12E8C5902C2059ED001575FE /* HistoryEntity.swift in Sources */,
				12E8C5962C205A03001575FE /* HistoryPresenter.swift in Sources */,
				12E8C5922C2059F3001575FE /* HistoryRouter.swift in Sources */,
				12474DE12C1AD634009F7134 /* AppDelegate.swift in Sources */,
				12E8C5782C20578C001575FE /* TranslatePresenter.swift in Sources */,
				12E8C56B2C20543D001575FE /* TranslateView.swift in Sources */,
				12474DE32C1AD634009F7134 /* SceneDelegate.swift in Sources */,
				12E8C56D2C20544E001575FE /* HistoryView.swift in Sources */,
				12E8C57A2C2057A1001575FE /* TranslateInteractor.swift in Sources */,
				12E8C57C2C2057A9001575FE /* TranslateRouter.swift in Sources */,
				12E8C5882C2059AC001575FE /* SettingsPresenter.swift in Sources */,
				12E8C5662C2053A1001575FE /* MainTabBarController.swift in Sources */,
				12E8C56F2C20545F001575FE /* SettingsView.swift in Sources */,
				12E8C58C2C2059D6001575FE /* SettingsRouter.swift in Sources */,
				12E8C58A2C2059BE001575FE /* SettingsInteractor.swift in Sources */,
				12E8C57E2C2057B1001575FE /* TranslateEntity.swift in Sources */,
				12E8C58E2C2059DE001575FE /* SettingsEntity.swift in Sources */,
				12E8C5942C2059FC001575FE /* HistoryInteractor.swift in Sources */,
			);
			runOnlyForDeploymentPostprocessing = 0;
		};
/* End PBXSourcesBuildPhase section */

/* Begin PBXVariantGroup section */
		12474DEB2C1AD636009F7134 /* LaunchScreen.storyboard */ = {
			isa = PBXVariantGroup;
			children = (
				12474DEC2C1AD636009F7134 /* Base */,
			);
			name = LaunchScreen.storyboard;
			sourceTree = "<group>";
		};
/* End PBXVariantGroup section */

/* Begin XCBuildConfiguration section */
		12474DEF2C1AD636009F7134 /* Debug */ = {
			isa = XCBuildConfiguration;
			buildSettings = {
				ALWAYS_SEARCH_USER_PATHS = NO;
				ASSETCATALOG_COMPILER_GENERATE_SWIFT_ASSET_SYMBOL_EXTENSIONS = YES;
				CLANG_ANALYZER_NONNULL = YES;
				CLANG_ANALYZER_NUMBER_OBJECT_CONVERSION = YES_AGGRESSIVE;
				CLANG_CXX_LANGUAGE_STANDARD = "gnu++20";
				CLANG_ENABLE_MODULES = YES;
				CLANG_ENABLE_OBJC_ARC = YES;
				CLANG_ENABLE_OBJC_WEAK = YES;
				CLANG_WARN_BLOCK_CAPTURE_AUTORELEASING = YES;
				CLANG_WARN_BOOL_CONVERSION = YES;
				CLANG_WARN_COMMA = YES;
				CLANG_WARN_CONSTANT_CONVERSION = YES;
				CLANG_WARN_DEPRECATED_OBJC_IMPLEMENTATIONS = YES;
				CLANG_WARN_DIRECT_OBJC_ISA_USAGE = YES_ERROR;
				CLANG_WARN_DOCUMENTATION_COMMENTS = YES;
				CLANG_WARN_EMPTY_BODY = YES;
				CLANG_WARN_ENUM_CONVERSION = YES;
				CLANG_WARN_INFINITE_RECURSION = YES;
				CLANG_WARN_INT_CONVERSION = YES;
				CLANG_WARN_NON_LITERAL_NULL_CONVERSION = YES;
				CLANG_WARN_OBJC_IMPLICIT_RETAIN_SELF = YES;
				CLANG_WARN_OBJC_LITERAL_CONVERSION = YES;
				CLANG_WARN_OBJC_ROOT_CLASS = YES_ERROR;
				CLANG_WARN_QUOTED_INCLUDE_IN_FRAMEWORK_HEADER = YES;
				CLANG_WARN_RANGE_LOOP_ANALYSIS = YES;
				CLANG_WARN_STRICT_PROTOTYPES = YES;
				CLANG_WARN_SUSPICIOUS_MOVE = YES;
				CLANG_WARN_UNGUARDED_AVAILABILITY = YES_AGGRESSIVE;
				CLANG_WARN_UNREACHABLE_CODE = YES;
				CLANG_WARN__DUPLICATE_METHOD_MATCH = YES;
				COPY_PHASE_STRIP = NO;
				DEBUG_INFORMATION_FORMAT = dwarf;
				ENABLE_STRICT_OBJC_MSGSEND = YES;
				ENABLE_TESTABILITY = YES;
				ENABLE_USER_SCRIPT_SANDBOXING = YES;
				GCC_C_LANGUAGE_STANDARD = gnu17;
				GCC_DYNAMIC_NO_PIC = NO;
				GCC_NO_COMMON_BLOCKS = YES;
				GCC_OPTIMIZATION_LEVEL = 0;
				GCC_PREPROCESSOR_DEFINITIONS = (
					"DEBUG=1",
					"$(inherited)",
				);
				GCC_WARN_64_TO_32_BIT_CONVERSION = YES;
				GCC_WARN_ABOUT_RETURN_TYPE = YES_ERROR;
				GCC_WARN_UNDECLARED_SELECTOR = YES;
				GCC_WARN_UNINITIALIZED_AUTOS = YES_AGGRESSIVE;
				GCC_WARN_UNUSED_FUNCTION = YES;
				GCC_WARN_UNUSED_VARIABLE = YES;
				IPHONEOS_DEPLOYMENT_TARGET = 17.4;
				LOCALIZATION_PREFERS_STRING_CATALOGS = YES;
				MTL_ENABLE_DEBUG_INFO = INCLUDE_SOURCE;
				MTL_FAST_MATH = YES;
				ONLY_ACTIVE_ARCH = YES;
				SDKROOT = iphoneos;
				SWIFT_ACTIVE_COMPILATION_CONDITIONS = "DEBUG $(inherited)";
				SWIFT_OPTIMIZATION_LEVEL = "-Onone";
			};
			name = Debug;
		};
		12474DF02C1AD636009F7134 /* Release */ = {
			isa = XCBuildConfiguration;
			buildSettings = {
				ALWAYS_SEARCH_USER_PATHS = NO;
				ASSETCATALOG_COMPILER_GENERATE_SWIFT_ASSET_SYMBOL_EXTENSIONS = YES;
				CLANG_ANALYZER_NONNULL = YES;
				CLANG_ANALYZER_NUMBER_OBJECT_CONVERSION = YES_AGGRESSIVE;
				CLANG_CXX_LANGUAGE_STANDARD = "gnu++20";
				CLANG_ENABLE_MODULES = YES;
				CLANG_ENABLE_OBJC_ARC = YES;
				CLANG_ENABLE_OBJC_WEAK = YES;
				CLANG_WARN_BLOCK_CAPTURE_AUTORELEASING = YES;
				CLANG_WARN_BOOL_CONVERSION = YES;
				CLANG_WARN_COMMA = YES;
				CLANG_WARN_CONSTANT_CONVERSION = YES;
				CLANG_WARN_DEPRECATED_OBJC_IMPLEMENTATIONS = YES;
				CLANG_WARN_DIRECT_OBJC_ISA_USAGE = YES_ERROR;
				CLANG_WARN_DOCUMENTATION_COMMENTS = YES;
				CLANG_WARN_EMPTY_BODY = YES;
				CLANG_WARN_ENUM_CONVERSION = YES;
				CLANG_WARN_INFINITE_RECURSION = YES;
				CLANG_WARN_INT_CONVERSION = YES;
				CLANG_WARN_NON_LITERAL_NULL_CONVERSION = YES;
				CLANG_WARN_OBJC_IMPLICIT_RETAIN_SELF = YES;
				CLANG_WARN_OBJC_LITERAL_CONVERSION = YES;
				CLANG_WARN_OBJC_ROOT_CLASS = YES_ERROR;
				CLANG_WARN_QUOTED_INCLUDE_IN_FRAMEWORK_HEADER = YES;
				CLANG_WARN_RANGE_LOOP_ANALYSIS = YES;
				CLANG_WARN_STRICT_PROTOTYPES = YES;
				CLANG_WARN_SUSPICIOUS_MOVE = YES;
				CLANG_WARN_UNGUARDED_AVAILABILITY = YES_AGGRESSIVE;
				CLANG_WARN_UNREACHABLE_CODE = YES;
				CLANG_WARN__DUPLICATE_METHOD_MATCH = YES;
				COPY_PHASE_STRIP = NO;
				DEBUG_INFORMATION_FORMAT = "dwarf-with-dsym";
				ENABLE_NS_ASSERTIONS = NO;
				ENABLE_STRICT_OBJC_MSGSEND = YES;
				ENABLE_USER_SCRIPT_SANDBOXING = YES;
				GCC_C_LANGUAGE_STANDARD = gnu17;
				GCC_NO_COMMON_BLOCKS = YES;
				GCC_WARN_64_TO_32_BIT_CONVERSION = YES;
				GCC_WARN_ABOUT_RETURN_TYPE = YES_ERROR;
				GCC_WARN_UNDECLARED_SELECTOR = YES;
				GCC_WARN_UNINITIALIZED_AUTOS = YES_AGGRESSIVE;
				GCC_WARN_UNUSED_FUNCTION = YES;
				GCC_WARN_UNUSED_VARIABLE = YES;
				IPHONEOS_DEPLOYMENT_TARGET = 17.4;
				LOCALIZATION_PREFERS_STRING_CATALOGS = YES;
				MTL_ENABLE_DEBUG_INFO = NO;
				MTL_FAST_MATH = YES;
				SDKROOT = iphoneos;
				SWIFT_COMPILATION_MODE = wholemodule;
				VALIDATE_PRODUCT = YES;
			};
			name = Release;
		};
		12474DF22C1AD636009F7134 /* Debug */ = {
			isa = XCBuildConfiguration;
			buildSettings = {
				ASSETCATALOG_COMPILER_APPICON_NAME = AppIcon;
				ASSETCATALOG_COMPILER_GLOBAL_ACCENT_COLOR_NAME = AccentColor;
				CODE_SIGN_STYLE = Automatic;
				CURRENT_PROJECT_VERSION = 1;
				DEVELOPMENT_TEAM = UJRW24XH5L;
				GENERATE_INFOPLIST_FILE = YES;
				INFOPLIST_FILE = Dictionary/Resources/Info.plist;
				INFOPLIST_KEY_UIApplicationSupportsIndirectInputEvents = YES;
				INFOPLIST_KEY_UILaunchStoryboardName = LaunchScreen;
				INFOPLIST_KEY_UISupportedInterfaceOrientations_iPad = "UIInterfaceOrientationPortrait UIInterfaceOrientationPortraitUpsideDown UIInterfaceOrientationLandscapeLeft UIInterfaceOrientationLandscapeRight";
				INFOPLIST_KEY_UISupportedInterfaceOrientations_iPhone = "UIInterfaceOrientationPortrait UIInterfaceOrientationLandscapeLeft UIInterfaceOrientationLandscapeRight";
				LD_RUNPATH_SEARCH_PATHS = (
					"$(inherited)",
					"@executable_path/Frameworks",
				);
				MARKETING_VERSION = 1.0;
				PRODUCT_BUNDLE_IDENTIFIER = com.koddek.Dictionary;
				PRODUCT_NAME = "$(TARGET_NAME)";
				SUPPORTED_PLATFORMS = "iphoneos iphonesimulator";
				SUPPORTS_MACCATALYST = NO;
				SUPPORTS_MAC_DESIGNED_FOR_IPHONE_IPAD = NO;
				SUPPORTS_XR_DESIGNED_FOR_IPHONE_IPAD = NO;
				SWIFT_EMIT_LOC_STRINGS = YES;
				SWIFT_VERSION = 5.0;
				TARGETED_DEVICE_FAMILY = 1;
			};
			name = Debug;
		};
		12474DF32C1AD636009F7134 /* Release */ = {
			isa = XCBuildConfiguration;
			buildSettings = {
				ASSETCATALOG_COMPILER_APPICON_NAME = AppIcon;
				ASSETCATALOG_COMPILER_GLOBAL_ACCENT_COLOR_NAME = AccentColor;
				CODE_SIGN_STYLE = Automatic;
				CURRENT_PROJECT_VERSION = 1;
				DEVELOPMENT_TEAM = UJRW24XH5L;
				GENERATE_INFOPLIST_FILE = YES;
				INFOPLIST_FILE = Dictionary/Resources/Info.plist;
				INFOPLIST_KEY_UIApplicationSupportsIndirectInputEvents = YES;
				INFOPLIST_KEY_UILaunchStoryboardName = LaunchScreen;
				INFOPLIST_KEY_UISupportedInterfaceOrientations_iPad = "UIInterfaceOrientationPortrait UIInterfaceOrientationPortraitUpsideDown UIInterfaceOrientationLandscapeLeft UIInterfaceOrientationLandscapeRight";
				INFOPLIST_KEY_UISupportedInterfaceOrientations_iPhone = "UIInterfaceOrientationPortrait UIInterfaceOrientationLandscapeLeft UIInterfaceOrientationLandscapeRight";
				LD_RUNPATH_SEARCH_PATHS = (
					"$(inherited)",
					"@executable_path/Frameworks",
				);
				MARKETING_VERSION = 1.0;
				PRODUCT_BUNDLE_IDENTIFIER = com.koddek.Dictionary;
				PRODUCT_NAME = "$(TARGET_NAME)";
				SUPPORTED_PLATFORMS = "iphoneos iphonesimulator";
				SUPPORTS_MACCATALYST = NO;
				SUPPORTS_MAC_DESIGNED_FOR_IPHONE_IPAD = NO;
				SUPPORTS_XR_DESIGNED_FOR_IPHONE_IPAD = NO;
				SWIFT_EMIT_LOC_STRINGS = YES;
				SWIFT_VERSION = 5.0;
				TARGETED_DEVICE_FAMILY = 1;
			};
			name = Release;
		};
/* End XCBuildConfiguration section */

/* Begin XCConfigurationList section */
		12474DD82C1AD634009F7134 /* Build configuration list for PBXProject "Dictionary" */ = {
			isa = XCConfigurationList;
			buildConfigurations = (
				12474DEF2C1AD636009F7134 /* Debug */,
				12474DF02C1AD636009F7134 /* Release */,
			);
			defaultConfigurationIsVisible = 0;
			defaultConfigurationName = Release;
		};
		12474DF12C1AD636009F7134 /* Build configuration list for PBXNativeTarget "Dictionary" */ = {
			isa = XCConfigurationList;
			buildConfigurations = (
				12474DF22C1AD636009F7134 /* Debug */,
				12474DF32C1AD636009F7134 /* Release */,
			);
			defaultConfigurationIsVisible = 0;
			defaultConfigurationName = Release;
		};
/* End XCConfigurationList section */
	};
	rootObject = 12474DD52C1AD634009F7134 /* Project object */;
}
